
Microsoft Visual Studio Solution File, Format Version 12.00
# Visual Studio Version 17
VisualStudioVersion = 17.5.002.0
MinimumVisualStudioVersion = 10.0.40219.1
Project("{2150E333-8FDC-42A3-9474-1A3956D46DE8}") = "W1", "W1", "{5D041E3C-7A42-4659-A50D-E094A8B3FEC6}"
EndProject
Project("{9A19103F-16F7-4668-BE54-9A1E7A4F7556}") = "demo-01a", "W1\demo-01a\demo-01a.csproj", "{29C6B257-0756-474E-B3AF-B5E027B68F0C}"
EndProject
Project("{9A19103F-16F7-4668-BE54-9A1E7A4F7556}") = "demo-01b", "W1\demo-01b\demo-01b.csproj", "{463313E6-8D13-4932-9ABE-16B9DB8ECAF1}"
EndProject
Global
	GlobalSection(SolutionConfigurationPlatforms) = preSolution
		Debug|Any CPU = Debug|Any CPU
		Release|Any CPU = Release|Any CPU
	EndGlobalSection
	GlobalSection(ProjectConfigurationPlatforms) = postSolution
		{29C6B257-0756-474E-B3AF-B5E027B68F0C}.Debug|Any CPU.ActiveCfg = Debug|Any CPU
		{29C6B257-0756-474E-B3AF-B5E027B68F0C}.Debug|Any CPU.Build.0 = Debug|Any CPU
		{29C6B257-0756-474E-B3AF-B5E027B68F0C}.Release|Any CPU.ActiveCfg = Release|Any CPU
		{29C6B257-0756-474E-B3AF-B5E027B68F0C}.Release|Any CPU.Build.0 = Release|Any CPU
		{463313E6-8D13-4932-9ABE-16B9DB8ECAF1}.Debug|Any CPU.ActiveCfg = Debug|Any CPU
		{463313E6-8D13-4932-9ABE-16B9DB8ECAF1}.Debug|Any CPU.Build.0 = Debug|Any CPU
		{463313E6-8D13-4932-9ABE-16B9DB8ECAF1}.Release|Any CPU.ActiveCfg = Release|Any CPU
		{463313E6-8D13-4932-9ABE-16B9DB8ECAF1}.Release|Any CPU.Build.0 = Release|Any CPU
	EndGlobalSection
	GlobalSection(SolutionProperties) = preSolution
		HideSolutionNode = FALSE
	EndGlobalSection
	GlobalSection(NestedProjects) = preSolution
		{29C6B257-0756-474E-B3AF-B5E027B68F0C} = {5D041E3C-7A42-4659-A50D-E094A8B3FEC6}
		{463313E6-8D13-4932-9ABE-16B9DB8ECAF1} = {5D041E3C-7A42-4659-A50D-E094A8B3FEC6}
	EndGlobalSection
	GlobalSection(ExtensibilityGlobals) = postSolution
		SolutionGuid = {F4C4F840-C9F2-478F-BA03-FF20DE050D0D}
	EndGlobalSection
EndGlobal
